{
  "version": 4,
  "terraform_version": "0.15.0",
  "serial": 3,
  "lineage": "773047e4-a7dc-b450-b524-d51057cf775d",
  "outputs": {},
  "resources": [
    {
      "mode": "managed",
      "type": "google_compute_instance",
      "name": "nueva",
      "provider": "provider[\"registry.terraform.io/hashicorp/google\"]",
      "instances": [
        {
          "schema_version": 6,
          "attributes": {
            "allow_stopping_for_update": null,
            "attached_disk": [],
            "boot_disk": [
              {
                "auto_delete": true,
                "device_name": "persistent-disk-0",
                "disk_encryption_key_raw": "",
                "disk_encryption_key_sha256": "",
                "initialize_params": [
                  {
                    "image": "https://www.googleapis.com/compute/v1/projects/debian-cloud/global/images/debian-9-stretch-v20210420",
                    "labels": {},
                    "size": 10,
                    "type": "pd-standard"
                  }
                ],
                "kms_key_self_link": "",
                "mode": "READ_WRITE",
                "source": "https://www.googleapis.com/compute/v1/projects/practica-11-12/zones/us-west1-a/disks/practica12-c57d197e15d7133f"
              }
            ],
            "can_ip_forward": false,
            "confidential_instance_config": [],
            "cpu_platform": "Intel Broadwell",
            "current_status": "RUNNING",
            "deletion_protection": false,
            "description": "",
            "desired_status": null,
            "enable_display": false,
            "guest_accelerator": [],
            "hostname": "",
            "id": "projects/practica-11-12/zones/us-west1-a/instances/practica12-c57d197e15d7133f",
            "instance_id": "7064407240088215682",
            "label_fingerprint": "42WmSpB8rSM=",
            "labels": null,
            "machine_type": "f1-micro",
            "metadata": {
              "ssh-keys": "andrea:ssh-rsa AAAAB3NzaC1yc2EAAAADAQABAAABAQC4YmUElAql+TMy3HhZLjl7BTgcJz+nWG2G7rArsEebVbxZUTQ6x1zhHk1sWFZHXXsxZLMEI0zxsrTQE1b4mNpqQh9p/D7MAt8px3ygTi4r0aKwfVIneO82xBtntmZYGUEkrWuKiodANAG0SwY09dHcI7oW6GiuH/HPm2J6ZjVwYSefo4rH0B1CUfH+HjCjZiLbN6kkV80+fjKuTKm57OJRfBMEcJKv4uvo0RFB9KTVNllpcklQ2CBlah3ady3TvKB0T8a/Grjzd7cbC1hZwNM+AnNQVOi+ny5yYqy8/U3rdJ5NdmV9gIuOA63aOyEhIFfG90c1AAAuNj3IGZ1SA/bx andrea@DESKTOP-RVHRQ82\r\n"
            },
            "metadata_fingerprint": "wV6j_fytBto=",
            "metadata_startup_script": " sudo apt-get update; sudo apt-get install -yq build-essential python-pip rsync; sudo apt install python-pip; pip install flask ",
            "min_cpu_platform": "",
            "name": "practica12-c57d197e15d7133f",
            "network_interface": [
              {
                "access_config": [
                  {
                    "nat_ip": "34.82.158.22",
                    "network_tier": "PREMIUM",
                    "public_ptr_domain_name": ""
                  }
                ],
                "alias_ip_range": [],
                "name": "nic0",
                "network": "https://www.googleapis.com/compute/v1/projects/practica-11-12/global/networks/default",
                "network_ip": "10.138.0.11",
                "nic_type": "",
                "subnetwork": "https://www.googleapis.com/compute/v1/projects/practica-11-12/regions/us-west1/subnetworks/default",
                "subnetwork_project": "practica-11-12"
              }
            ],
            "project": "practica-11-12",
            "resource_policies": [],
            "scheduling": [
              {
                "automatic_restart": true,
                "min_node_cpus": 0,
                "node_affinities": [],
                "on_host_maintenance": "MIGRATE",
                "preemptible": false
              }
            ],
            "scratch_disk": [],
            "self_link": "https://www.googleapis.com/compute/v1/projects/practica-11-12/zones/us-west1-a/instances/practica12-c57d197e15d7133f",
            "service_account": [],
            "shielded_instance_config": [],
            "tags": null,
            "tags_fingerprint": "42WmSpB8rSM=",
            "timeouts": {
              "create": null,
              "delete": null,
              "update": null
            },
            "zone": "us-west1-a"
          },
          "sensitive_attributes": [],
          "private": "eyJlMmJmYjczMC1lY2FhLTExZTYtOGY4OC0zNDM2M2JjN2M0YzAiOnsiY3JlYXRlIjoxMjAwMDAwMDAwMDAwLCJkZWxldGUiOjEyMDAwMDAwMDAwMDAsInVwZGF0ZSI6MTIwMDAwMDAwMDAwMH0sInNjaGVtYV92ZXJzaW9uIjoiNiJ9",
          "dependencies": [
            "random_id.instance_id"
          ]
        }
      ]
    },
    {
      "mode": "managed",
      "type": "random_id",
      "name": "instance_id",
      "provider": "provider[\"registry.terraform.io/hashicorp/random\"]",
      "instances": [
        {
          "schema_version": 0,
          "attributes": {
            "b64_std": "xX0ZfhXXEz8=",
            "b64_url": "xX0ZfhXXEz8",
            "byte_length": 8,
            "dec": "14230558426883625791",
            "hex": "c57d197e15d7133f",
            "id": "xX0ZfhXXEz8",
            "keepers": null,
            "prefix": null
          },
          "sensitive_attributes": [],
          "private": "bnVsbA=="
        }
      ]
    }
  ]
}
