{
  "version": 4,
  "terraform_version": "0.15.0",
  "serial": 25,
  "lineage": "ece4b7f9-f1ae-653e-611a-2950570b94b4",
  "outputs": {
    "ip": {
      "value": "35.185.247.215",
      "type": "string"
    }
  },
  "resources": [
    {
      "mode": "managed",
      "type": "google_compute_firewall",
      "name": "default",
      "provider": "provider[\"registry.terraform.io/hashicorp/google\"]",
      "instances": [
        {
          "schema_version": 1,
          "attributes": {
            "allow": [
              {
                "ports": [
                  "5000"
                ],
                "protocol": "tcp"
              }
            ],
            "creation_timestamp": "2021-04-29T00:04:40.337-07:00",
            "deny": [],
            "description": "",
            "destination_ranges": [],
            "direction": "INGRESS",
            "disabled": false,
            "enable_logging": null,
            "id": "projects/practica-11-12/global/firewalls/practica11-python5000",
            "log_config": [],
            "name": "practica11-python5000",
            "network": "https://www.googleapis.com/compute/v1/projects/practica-11-12/global/networks/default",
            "priority": 1000,
            "project": "practica-11-12",
            "self_link": "https://www.googleapis.com/compute/v1/projects/practica-11-12/global/firewalls/practica11-python5000",
            "source_ranges": [
              "0.0.0.0/0"
            ],
            "source_service_accounts": null,
            "source_tags": null,
            "target_service_accounts": null,
            "target_tags": null,
            "timeouts": null
          },
          "sensitive_attributes": [],
          "private": "eyJlMmJmYjczMC1lY2FhLTExZTYtOGY4OC0zNDM2M2JjN2M0YzAiOnsiY3JlYXRlIjoyNDAwMDAwMDAwMDAsImRlbGV0ZSI6MjQwMDAwMDAwMDAwLCJ1cGRhdGUiOjI0MDAwMDAwMDAwMH0sInNjaGVtYV92ZXJzaW9uIjoiMSJ9"
        }
      ]
    },
    {
      "mode": "managed",
      "type": "google_compute_instance",
      "name": "default",
      "provider": "provider[\"registry.terraform.io/hashicorp/google\"]",
      "instances": [
        {
          "schema_version": 6,
          "attributes": {
            "allow_stopping_for_update": null,
            "attached_disk": [],
            "boot_disk": [
              {
                "auto_delete": true,
                "device_name": "persistent-disk-0",
                "disk_encryption_key_raw": "",
                "disk_encryption_key_sha256": "",
                "initialize_params": [
                  {
                    "image": "https://www.googleapis.com/compute/v1/projects/debian-cloud/global/images/debian-9-stretch-v20210420",
                    "labels": {},
                    "size": 10,
                    "type": "pd-standard"
                  }
                ],
                "kms_key_self_link": "",
                "mode": "READ_WRITE",
                "source": "https://www.googleapis.com/compute/v1/projects/practica-11-12/zones/us-west1-a/disks/practica11-b69658d007effa47"
              }
            ],
            "can_ip_forward": false,
            "confidential_instance_config": [],
            "cpu_platform": "Intel Broadwell",
            "current_status": "RUNNING",
            "deletion_protection": false,
            "description": "",
            "desired_status": null,
            "enable_display": false,
            "guest_accelerator": [],
            "hostname": "",
            "id": "projects/practica-11-12/zones/us-west1-a/instances/practica11-b69658d007effa47",
            "instance_id": "27723475920086118",
            "label_fingerprint": "42WmSpB8rSM=",
            "labels": null,
            "machine_type": "f1-micro",
            "metadata": {
              "ssh-keys": "andrea:ssh-rsa AAAAB3NzaC1yc2EAAAADAQABAAABAQC4YmUElAql+TMy3HhZLjl7BTgcJz+nWG2G7rArsEebVbxZUTQ6x1zhHk1sWFZHXXsxZLMEI0zxsrTQE1b4mNpqQh9p/D7MAt8px3ygTi4r0aKwfVIneO82xBtntmZYGUEkrWuKiodANAG0SwY09dHcI7oW6GiuH/HPm2J6ZjVwYSefo4rH0B1CUfH+HjCjZiLbN6kkV80+fjKuTKm57OJRfBMEcJKv4uvo0RFB9KTVNllpcklQ2CBlah3ady3TvKB0T8a/Grjzd7cbC1hZwNM+AnNQVOi+ny5yYqy8/U3rdJ5NdmV9gIuOA63aOyEhIFfG90c1AAAuNj3IGZ1SA/bx andrea@DESKTOP-RVHRQ82\r\n"
            },
            "metadata_fingerprint": "wV6j_fytBto=",
            "metadata_startup_script": " sudo apt-get update; sudo apt-get install -yq build-essential python-pip rsync; sudo apt install python-pip; pip install flask ",
            "min_cpu_platform": "",
            "name": "practica11-b69658d007effa47",
            "network_interface": [
              {
                "access_config": [
                  {
                    "nat_ip": "35.185.247.215",
                    "network_tier": "PREMIUM",
                    "public_ptr_domain_name": ""
                  }
                ],
                "alias_ip_range": [],
                "name": "nic0",
                "network": "https://www.googleapis.com/compute/v1/projects/practica-11-12/global/networks/default",
                "network_ip": "10.138.0.10",
                "nic_type": "",
                "subnetwork": "https://www.googleapis.com/compute/v1/projects/practica-11-12/regions/us-west1/subnetworks/default",
                "subnetwork_project": "practica-11-12"
              }
            ],
            "project": "practica-11-12",
            "resource_policies": null,
            "scheduling": [
              {
                "automatic_restart": true,
                "min_node_cpus": 0,
                "node_affinities": [],
                "on_host_maintenance": "MIGRATE",
                "preemptible": false
              }
            ],
            "scratch_disk": [],
            "self_link": "https://www.googleapis.com/compute/v1/projects/practica-11-12/zones/us-west1-a/instances/practica11-b69658d007effa47",
            "service_account": [],
            "shielded_instance_config": [],
            "tags": null,
            "tags_fingerprint": "42WmSpB8rSM=",
            "timeouts": null,
            "zone": "us-west1-a"
          },
          "sensitive_attributes": [],
          "private": "eyJlMmJmYjczMC1lY2FhLTExZTYtOGY4OC0zNDM2M2JjN2M0YzAiOnsiY3JlYXRlIjoxMjAwMDAwMDAwMDAwLCJkZWxldGUiOjEyMDAwMDAwMDAwMDAsInVwZGF0ZSI6MTIwMDAwMDAwMDAwMH0sInNjaGVtYV92ZXJzaW9uIjoiNiJ9",
          "dependencies": [
            "random_id.instance_id"
          ]
        }
      ]
    },
    {
      "mode": "managed",
      "type": "random_id",
      "name": "instance_id",
      "provider": "provider[\"registry.terraform.io/hashicorp/random\"]",
      "instances": [
        {
          "schema_version": 0,
          "attributes": {
            "b64_std": "tpZY0Afv+kc=",
            "b64_url": "tpZY0Afv-kc",
            "byte_length": 8,
            "dec": "13156801011919092295",
            "hex": "b69658d007effa47",
            "id": "tpZY0Afv-kc",
            "keepers": null,
            "prefix": null
          },
          "sensitive_attributes": [],
          "private": "bnVsbA=="
        }
      ]
    }
  ]
}
